
Microsoft Visual Studio Solution File, Format Version 12.00
# Visual Studio Version 16
VisualStudioVersion = 16.0.28729.10
MinimumVisualStudioVersion = 10.0.40219.1
Project("{8BC9CEB8-8B4A-11D0-8D11-00A0C91BC942}") = "ClipboardLoggerPOC", "ClipboardLoggerPOC\ClipboardLoggerPOC.vcxproj", "{98A918D0-01ED-408D-8E28-A50B94044415}"
EndProject
Project("{8BC9CEB8-8B4A-11D0-8D11-00A0C91BC942}") = "AntiClipboardLoggerHook", "AntiClipboardLoggerHook\AntiClipboardLoggerHook.vcxproj", "{2C026ECC-6B64-4BB8-923E-09D9192AA2B9}"
EndProject
Project("{8BC9CEB8-8B4A-11D0-8D11-00A0C91BC942}") = "InjectAntiClipboardHook", "InjectAntiClipboardHook\InjectAntiClipboardHook.vcxproj", "{640A5C8E-7FCC-4E81-A0EC-8328E01CE40F}"
EndProject
Global
	GlobalSection(SolutionConfigurationPlatforms) = preSolution
		Debug|x64 = Debug|x64
		Debug|x86 = Debug|x86
		Release|x64 = Release|x64
		Release|x86 = Release|x86
	EndGlobalSection
	GlobalSection(ProjectConfigurationPlatforms) = postSolution
		{98A918D0-01ED-408D-8E28-A50B94044415}.Debug|x64.ActiveCfg = Debug|x64
		{98A918D0-01ED-408D-8E28-A50B94044415}.Debug|x64.Build.0 = Debug|x64
		{98A918D0-01ED-408D-8E28-A50B94044415}.Debug|x86.ActiveCfg = Debug|Win32
		{98A918D0-01ED-408D-8E28-A50B94044415}.Debug|x86.Build.0 = Debug|Win32
		{98A918D0-01ED-408D-8E28-A50B94044415}.Release|x64.ActiveCfg = Release|x64
		{98A918D0-01ED-408D-8E28-A50B94044415}.Release|x64.Build.0 = Release|x64
		{98A918D0-01ED-408D-8E28-A50B94044415}.Release|x86.ActiveCfg = Release|Win32
		{98A918D0-01ED-408D-8E28-A50B94044415}.Release|x86.Build.0 = Release|Win32
		{2C026ECC-6B64-4BB8-923E-09D9192AA2B9}.Debug|x64.ActiveCfg = Debug|x64
		{2C026ECC-6B64-4BB8-923E-09D9192AA2B9}.Debug|x64.Build.0 = Debug|x64
		{2C026ECC-6B64-4BB8-923E-09D9192AA2B9}.Debug|x86.ActiveCfg = Debug|Win32
		{2C026ECC-6B64-4BB8-923E-09D9192AA2B9}.Debug|x86.Build.0 = Debug|Win32
		{2C026ECC-6B64-4BB8-923E-09D9192AA2B9}.Release|x64.ActiveCfg = Release|x64
		{2C026ECC-6B64-4BB8-923E-09D9192AA2B9}.Release|x64.Build.0 = Release|x64
		{2C026ECC-6B64-4BB8-923E-09D9192AA2B9}.Release|x86.ActiveCfg = Release|Win32
		{2C026ECC-6B64-4BB8-923E-09D9192AA2B9}.Release|x86.Build.0 = Release|Win32
		{640A5C8E-7FCC-4E81-A0EC-8328E01CE40F}.Debug|x64.ActiveCfg = Debug|x64
		{640A5C8E-7FCC-4E81-A0EC-8328E01CE40F}.Debug|x64.Build.0 = Debug|x64
		{640A5C8E-7FCC-4E81-A0EC-8328E01CE40F}.Debug|x86.ActiveCfg = Debug|Win32
		{640A5C8E-7FCC-4E81-A0EC-8328E01CE40F}.Debug|x86.Build.0 = Debug|Win32
		{640A5C8E-7FCC-4E81-A0EC-8328E01CE40F}.Release|x64.ActiveCfg = Release|x64
		{640A5C8E-7FCC-4E81-A0EC-8328E01CE40F}.Release|x64.Build.0 = Release|x64
		{640A5C8E-7FCC-4E81-A0EC-8328E01CE40F}.Release|x86.ActiveCfg = Release|Win32
		{640A5C8E-7FCC-4E81-A0EC-8328E01CE40F}.Release|x86.Build.0 = Release|Win32
	EndGlobalSection
	GlobalSection(SolutionProperties) = preSolution
		HideSolutionNode = FALSE
	EndGlobalSection
	GlobalSection(ExtensibilityGlobals) = postSolution
		SolutionGuid = {FB4C6DBF-65C9-4C2F-BAC0-D5504FD2B000}
	EndGlobalSection
EndGlobal
